
Microsoft Visual Studio Solution File, Format Version 12.00
# Visual Studio 15
VisualStudioVersion = 15.0.26510.0
MinimumVisualStudioVersion = 10.0.40219.1
Project("{2150E333-8FDC-42A3-9474-1A3956D46DE8}") = "src", "src", "{41D15218-0304-4276-B57D-12CC273C706C}"
EndProject
Project("{9A19103F-16F7-4668-BE54-9A1E7A4F7556}") = "server.Api", "src\server.Api\server.Api.csproj", "{EB08A4A4-0E1C-4C24-9172-3DF39FF6F219}"
EndProject
Project("{9A19103F-16F7-4668-BE54-9A1E7A4F7556}") = "server.Utils", "src\server.Utils\server.Utils.csproj", "{1E9C84AA-29FF-415B-A4DD-CA3D92EE71EC}"
EndProject
Project("{2150E333-8FDC-42A3-9474-1A3956D46DE8}") = "root", "root", "{8A4A9F2D-F2EF-4AF9-BB09-7A0F994A5BEB}"
	ProjectSection(SolutionItems) = preProject
		.editorconfig = .editorconfig
		.gitattributes = .gitattributes
		.gitignore = .gitignore
		LICENSE = LICENSE
		README.md = README.md
	EndProjectSection
EndProject
Project("{2150E333-8FDC-42A3-9474-1A3956D46DE8}") = "docs", "docs", "{7FA2A689-58E1-46C1-B4BA-AF9E24DE119E}"
	ProjectSection(SolutionItems) = preProject
		docs\README.md = docs\README.md
	EndProjectSection
EndProject
Project("{2150E333-8FDC-42A3-9474-1A3956D46DE8}") = "test", "test", "{993F9A2C-E769-40D9-900C-DEE1A23F62DD}"
EndProject
Project("{9A19103F-16F7-4668-BE54-9A1E7A4F7556}") = "server.Utils.Xunit", "test\server.Utils.Xunit\server.Utils.Xunit.csproj", "{68301038-F8F7-4140-903D-102941444BC8}"
EndProject
Global
	GlobalSection(SolutionConfigurationPlatforms) = preSolution
		Debug|Any CPU = Debug|Any CPU
		Release|Any CPU = Release|Any CPU
	EndGlobalSection
	GlobalSection(ProjectConfigurationPlatforms) = postSolution
		{EB08A4A4-0E1C-4C24-9172-3DF39FF6F219}.Debug|Any CPU.ActiveCfg = Debug|Any CPU
		{EB08A4A4-0E1C-4C24-9172-3DF39FF6F219}.Debug|Any CPU.Build.0 = Debug|Any CPU
		{EB08A4A4-0E1C-4C24-9172-3DF39FF6F219}.Release|Any CPU.ActiveCfg = Release|Any CPU
		{EB08A4A4-0E1C-4C24-9172-3DF39FF6F219}.Release|Any CPU.Build.0 = Release|Any CPU
		{1E9C84AA-29FF-415B-A4DD-CA3D92EE71EC}.Debug|Any CPU.ActiveCfg = Debug|Any CPU
		{1E9C84AA-29FF-415B-A4DD-CA3D92EE71EC}.Debug|Any CPU.Build.0 = Debug|Any CPU
		{1E9C84AA-29FF-415B-A4DD-CA3D92EE71EC}.Release|Any CPU.ActiveCfg = Release|Any CPU
		{1E9C84AA-29FF-415B-A4DD-CA3D92EE71EC}.Release|Any CPU.Build.0 = Release|Any CPU
		{68301038-F8F7-4140-903D-102941444BC8}.Debug|Any CPU.ActiveCfg = Debug|Any CPU
		{68301038-F8F7-4140-903D-102941444BC8}.Debug|Any CPU.Build.0 = Debug|Any CPU
		{68301038-F8F7-4140-903D-102941444BC8}.Release|Any CPU.ActiveCfg = Release|Any CPU
		{68301038-F8F7-4140-903D-102941444BC8}.Release|Any CPU.Build.0 = Release|Any CPU
	EndGlobalSection
	GlobalSection(SolutionProperties) = preSolution
		HideSolutionNode = FALSE
	EndGlobalSection
	GlobalSection(NestedProjects) = preSolution
		{EB08A4A4-0E1C-4C24-9172-3DF39FF6F219} = {41D15218-0304-4276-B57D-12CC273C706C}
		{1E9C84AA-29FF-415B-A4DD-CA3D92EE71EC} = {41D15218-0304-4276-B57D-12CC273C706C}
		{68301038-F8F7-4140-903D-102941444BC8} = {993F9A2C-E769-40D9-900C-DEE1A23F62DD}
	EndGlobalSection
EndGlobal
