
Microsoft Visual Studio Solution File, Format Version 12.00
# Visual Studio 15
VisualStudioVersion = 15.0.26730.0
MinimumVisualStudioVersion = 10.0.40219.1
Project("{2150E333-8FDC-42A3-9474-1A3956D46DE8}") = "_root", "_root", "{8A4A9F2D-F2EF-4AF9-BB09-7A0F994A5BEB}"
	ProjectSection(SolutionItems) = preProject
		.editorconfig = .editorconfig
		.gitattributes = .gitattributes
		.gitignore = .gitignore
		LICENSE = LICENSE
		README.md = README.md
	EndProjectSection
EndProject
Project("{2150E333-8FDC-42A3-9474-1A3956D46DE8}") = "docs", "docs", "{7FA2A689-58E1-46C1-B4BA-AF9E24DE119E}"
	ProjectSection(SolutionItems) = preProject
		docs\README.md = docs\README.md
	EndProjectSection
EndProject
Project("{2150E333-8FDC-42A3-9474-1A3956D46DE8}") = "src", "src", "{63671DBB-09F0-49FD-82AE-E359BCFDA06B}"
EndProject
Project("{2150E333-8FDC-42A3-9474-1A3956D46DE8}") = "test", "test", "{D3FF84FD-14BB-414B-A30A-1F0F9D7AAD71}"
EndProject
Project("{FAE04EC0-301F-11D3-BF4B-00C04F79EFBC}") = "server.WebApi", "src\server.WebApi\server.WebApi.csproj", "{1713C2FF-A560-4A95-9BFC-18B7FE7238B4}"
EndProject
Project("{FAE04EC0-301F-11D3-BF4B-00C04F79EFBC}") = "server.WebApi.Infrastructure", "src\server.WebApi.Infrastructure\server.WebApi.Infrastructure.csproj", "{0544DA20-19CD-4C81-85ED-46DD9E75521A}"
EndProject
Global
	GlobalSection(SolutionConfigurationPlatforms) = preSolution
		Debug|Any CPU = Debug|Any CPU
		Release|Any CPU = Release|Any CPU
	EndGlobalSection
	GlobalSection(ProjectConfigurationPlatforms) = postSolution
		{1713C2FF-A560-4A95-9BFC-18B7FE7238B4}.Debug|Any CPU.ActiveCfg = Debug|Any CPU
		{1713C2FF-A560-4A95-9BFC-18B7FE7238B4}.Debug|Any CPU.Build.0 = Debug|Any CPU
		{1713C2FF-A560-4A95-9BFC-18B7FE7238B4}.Release|Any CPU.ActiveCfg = Release|Any CPU
		{1713C2FF-A560-4A95-9BFC-18B7FE7238B4}.Release|Any CPU.Build.0 = Release|Any CPU
		{0544DA20-19CD-4C81-85ED-46DD9E75521A}.Debug|Any CPU.ActiveCfg = Debug|Any CPU
		{0544DA20-19CD-4C81-85ED-46DD9E75521A}.Debug|Any CPU.Build.0 = Debug|Any CPU
		{0544DA20-19CD-4C81-85ED-46DD9E75521A}.Release|Any CPU.ActiveCfg = Release|Any CPU
		{0544DA20-19CD-4C81-85ED-46DD9E75521A}.Release|Any CPU.Build.0 = Release|Any CPU
	EndGlobalSection
	GlobalSection(SolutionProperties) = preSolution
		HideSolutionNode = FALSE
	EndGlobalSection
	GlobalSection(NestedProjects) = preSolution
		{1713C2FF-A560-4A95-9BFC-18B7FE7238B4} = {63671DBB-09F0-49FD-82AE-E359BCFDA06B}
		{0544DA20-19CD-4C81-85ED-46DD9E75521A} = {63671DBB-09F0-49FD-82AE-E359BCFDA06B}
	EndGlobalSection
	GlobalSection(ExtensibilityGlobals) = postSolution
		SolutionGuid = {108AB766-EDEC-4753-87C0-AE86F3094495}
	EndGlobalSection
EndGlobal
